
Microsoft Visual Studio Solution File, Format Version 12.00
# Visual Studio Version 17
VisualStudioVersion = 17.14.37111.16 d17.14
MinimumVisualStudioVersion = 10.0.40219.1
Project("{FAE04EC0-301F-11D3-BF4B-00C04F79EFBC}") = "B8 9", "B8 9\B8 9.csproj", "{45D4C7F7-2BE5-4BCE-9723-BA33692E909C}"
EndProject
Global
	GlobalSection(SolutionConfigurationPlatforms) = preSolution
		Debug|Any CPU = Debug|Any CPU
		Release|Any CPU = Release|Any CPU
	EndGlobalSection
	GlobalSection(ProjectConfigurationPlatforms) = postSolution
		{45D4C7F7-2BE5-4BCE-9723-BA33692E909C}.Debug|Any CPU.ActiveCfg = Debug|Any CPU
		{45D4C7F7-2BE5-4BCE-9723-BA33692E909C}.Debug|Any CPU.Build.0 = Debug|Any CPU
		{45D4C7F7-2BE5-4BCE-9723-BA33692E909C}.Release|Any CPU.ActiveCfg = Release|Any CPU
		{45D4C7F7-2BE5-4BCE-9723-BA33692E909C}.Release|Any CPU.Build.0 = Release|Any CPU
	EndGlobalSection
	GlobalSection(SolutionProperties) = preSolution
		HideSolutionNode = FALSE
	EndGlobalSection
	GlobalSection(ExtensibilityGlobals) = postSolution
		SolutionGuid = {C88DA103-998E-4DC6-94CF-29EB85BA2C65}
	EndGlobalSection
EndGlobal
