
Microsoft Visual Studio Solution File, Format Version 12.00
# Visual Studio Version 17
VisualStudioVersion = 17.14.37111.16 d17.14
MinimumVisualStudioVersion = 10.0.40219.1
Project("{FAE04EC0-301F-11D3-BF4B-00C04F79EFBC}") = "KTHP3", "KTHP3\KTHP3.csproj", "{F31C0334-3B17-431C-A3A3-2120EECFFB27}"
EndProject
Global
	GlobalSection(SolutionConfigurationPlatforms) = preSolution
		Debug|Any CPU = Debug|Any CPU
		Release|Any CPU = Release|Any CPU
	EndGlobalSection
	GlobalSection(ProjectConfigurationPlatforms) = postSolution
		{F31C0334-3B17-431C-A3A3-2120EECFFB27}.Debug|Any CPU.ActiveCfg = Debug|Any CPU
		{F31C0334-3B17-431C-A3A3-2120EECFFB27}.Debug|Any CPU.Build.0 = Debug|Any CPU
		{F31C0334-3B17-431C-A3A3-2120EECFFB27}.Release|Any CPU.ActiveCfg = Release|Any CPU
		{F31C0334-3B17-431C-A3A3-2120EECFFB27}.Release|Any CPU.Build.0 = Release|Any CPU
	EndGlobalSection
	GlobalSection(SolutionProperties) = preSolution
		HideSolutionNode = FALSE
	EndGlobalSection
	GlobalSection(ExtensibilityGlobals) = postSolution
		SolutionGuid = {C8B7AB6F-988D-47F5-883E-63FC93D4ACE4}
	EndGlobalSection
EndGlobal
